FORGE
  remote: http://forge.puppetlabs.com
  specs:
    puppetlabs/ntp (0.0.4)
      puppetlabs/stdlib (>= 0.1.6)
    puppetlabs/stdlib (3.0.1)

GIT
  remote: git://github.com/aggressivex/puppet-httpd.git
  ref: master
  sha: f416df3e211ce23388c4e3f25065c19b2852f7b9
  specs:
    httpd (0.0.1)

GIT
  remote: git://github.com/aggressivex/puppetlabs-mysql.git
  ref: master
  sha: 29586d1e3f7e0397ca794ded961af64814894858
  specs:
    mysql (0.0.1)

GIT
  remote: git://github.com/ajjahn/puppet-dns.git
  ref: master
  sha: 1f4887fe8e548cce556f116ac318659e73421e4e
  specs:
    dns (0.0.1)

GIT
  remote: git://github.com/example42/puppet-haproxy.git
  ref: master
  sha: 698163ac114a03f6c75c579e62faa9e86d41e896
  specs:
    haproxy (0.0.1)

GIT
  remote: git://github.com/ripienaar/puppet-concat.git
  ref: master
  sha: e8e1282b6d367a202d2b63f967e4d2d484c16470
  specs:
    concat (0.0.1)

DEPENDENCIES
  concat (>= 0)
  dns (>= 0)
  haproxy (>= 0)
  httpd (>= 0)
  mysql (>= 0)
  puppetlabs/ntp (>= 0)

